Microsoft Visual Studio Solution File, Format Version 8.00
Project("{8BC9CEB8-8B4A-11D0-8D11-00A0C91BC942}") = "psg_encoder", "psg_encoder.vcproj", "{F3E56B62-2CD2-4B54-989E-C6E8A59B9B78}"
	ProjectSection(ProjectDependencies) = postProject
	EndProjectSection
EndProject
Global
	GlobalSection(SolutionConfiguration) = preSolution
		Debug = Debug
		Release = Release
	EndGlobalSection
	GlobalSection(ProjectDependencies) = postSolution
	EndGlobalSection
	GlobalSection(ProjectConfiguration) = postSolution
		{F3E56B62-2CD2-4B54-989E-C6E8A59B9B78}.Debug.ActiveCfg = Debug|Win32
		{F3E56B62-2CD2-4B54-989E-C6E8A59B9B78}.Debug.Build.0 = Debug|Win32
		{F3E56B62-2CD2-4B54-989E-C6E8A59B9B78}.Release.ActiveCfg = Release|Win32
		{F3E56B62-2CD2-4B54-989E-C6E8A59B9B78}.Release.Build.0 = Release|Win32
	EndGlobalSection
	GlobalSection(ExtensibilityGlobals) = postSolution
	EndGlobalSection
	GlobalSection(ExtensibilityAddIns) = postSolution
	EndGlobalSection
EndGlobal
